// !$*UTF8*$!
{
	archiveVersion = 1;
	classes = {
	};
	objectVersion = 46;
	objects = {

/* Begin PBXBuildFile section */
		E2994D1D1D675877004A598A /* AppDelegate.swift in Sources */ = {isa = PBXBuildFile; fileRef = E2994D1C1D675877004A598A /* AppDelegate.swift */; };
		E2994D1F1D675877004A598A /* FirstViewController.swift in Sources */ = {isa = PBXBuildFile; fileRef = E2994D1E1D675877004A598A /* FirstViewController.swift */; };
		E2994D211D675877004A598A /* SecondViewController.swift in Sources */ = {isa = PBXBuildFile; fileRef = E2994D201D675877004A598A /* SecondViewController.swift */; };
		E2994D241D675877004A598A /* Main.storyboard in Resources */ = {isa = PBXBuildFile; fileRef = E2994D221D675877004A598A /* Main.storyboard */; };
		E2994D261D675877004A598A /* Assets.xcassets in Resources */ = {isa = PBXBuildFile; fileRef = E2994D251D675877004A598A /* Assets.xcassets */; };
		E2994D291D675877004A598A /* LaunchScreen.storyboard in Resources */ = {isa = PBXBuildFile; fileRef = E2994D271D675877004A598A /* LaunchScreen.storyboard */; };
		E2994D341D675877004A598A /* TabBarSwipeTests.swift in Sources */ = {isa = PBXBuildFile; fileRef = E2994D331D675877004A598A /* TabBarSwipeTests.swift */; };
		E2994D3F1D675877004A598A /* TabBarSwipeUITests.swift in Sources */ = {isa = PBXBuildFile; fileRef = E2994D3E1D675877004A598A /* TabBarSwipeUITests.swift */; };
		E2FE43FE1D69CD3D00843D12 /* TabBarSwitcher.swift in Sources */ = {isa = PBXBuildFile; fileRef = E2FE43FD1D69CD3D00843D12 /* TabBarSwitcher.swift */; };
/* End PBXBuildFile section */

/* Begin PBXContainerItemProxy section */
		E2994D301D675877004A598A /* PBXContainerItemProxy */ = {
			isa = PBXContainerItemProxy;
			containerPortal = E2994D111D675877004A598A /* Project object */;
			proxyType = 1;
			remoteGlobalIDString = E2994D181D675877004A598A;
			remoteInfo = TabBarSwipe;
		};
		E2994D3B1D675877004A598A /* PBXContainerItemProxy */ = {
			isa = PBXContainerItemProxy;
			containerPortal = E2994D111D675877004A598A /* Project object */;
			proxyType = 1;
			remoteGlobalIDString = E2994D181D675877004A598A;
			remoteInfo = TabBarSwipe;
		};
/* End PBXContainerItemProxy section */

/* Begin PBXFileReference section */
		E2994D191D675877004A598A /* TabBarSwipe.app */ = {isa = PBXFileReference; explicitFileType = wrapper.application; includeInIndex = 0; path = TabBarSwipe.app; sourceTree = BUILT_PRODUCTS_DIR; };
		E2994D1C1D675877004A598A /* AppDelegate.swift */ = {isa = PBXFileReference; lastKnownFileType = sourcecode.swift; path = AppDelegate.swift; sourceTree = "<group>"; };
		E2994D1E1D675877004A598A /* FirstViewController.swift */ = {isa = PBXFileReference; lastKnownFileType = sourcecode.swift; path = FirstViewController.swift; sourceTree = "<group>"; };
		E2994D201D675877004A598A /* SecondViewController.swift */ = {isa = PBXFileReference; lastKnownFileType = sourcecode.swift; path = SecondViewController.swift; sourceTree = "<group>"; };
		E2994D231D675877004A598A /* Base */ = {isa = PBXFileReference; lastKnownFileType = file.storyboard; name = Base; path = Base.lproj/Main.storyboard; sourceTree = "<group>"; };
		E2994D251D675877004A598A /* Assets.xcassets */ = {isa = PBXFileReference; lastKnownFileType = folder.assetcatalog; path = Assets.xcassets; sourceTree = "<group>"; };
		E2994D281D675877004A598A /* Base */ = {isa = PBXFileReference; lastKnownFileType = file.storyboard; name = Base; path = Base.lproj/LaunchScreen.storyboard; sourceTree = "<group>"; };
		E2994D2A1D675877004A598A /* Info.plist */ = {isa = PBXFileReference; lastKnownFileType = text.plist.xml; path = Info.plist; sourceTree = "<group>"; };
		E2994D2F1D675877004A598A /* TabBarSwipeTests.xctest */ = {isa = PBXFileReference; explicitFileType = wrapper.cfbundle; includeInIndex = 0; path = TabBarSwipeTests.xctest; sourceTree = BUILT_PRODUCTS_DIR; };
		E2994D331D675877004A598A /* TabBarSwipeTests.swift */ = {isa = PBXFileReference; lastKnownFileType = sourcecode.swift; path = TabBarSwipeTests.swift; sourceTree = "<group>"; };
		E2994D351D675877004A598A /* Info.plist */ = {isa = PBXFileReference; lastKnownFileType = text.plist.xml; path = Info.plist; sourceTree = "<group>"; };
		E2994D3A1D675877004A598A /* TabBarSwipeUITests.xctest */ = {isa = PBXFileReference; explicitFileType = wrapper.cfbundle; includeInIndex = 0; path = TabBarSwipeUITests.xctest; sourceTree = BUILT_PRODUCTS_DIR; };
		E2994D3E1D675877004A598A /* TabBarSwipeUITests.swift */ = {isa = PBXFileReference; lastKnownFileType = sourcecode.swift; path = TabBarSwipeUITests.swift; sourceTree = "<group>"; };
		E2994D401D675877004A598A /* Info.plist */ = {isa = PBXFileReference; lastKnownFileType = text.plist.xml; path = Info.plist; sourceTree = "<group>"; };
		E2FE43FD1D69CD3D00843D12 /* TabBarSwitcher.swift */ = {isa = PBXFileReference; fileEncoding = 4; lastKnownFileType = sourcecode.swift; path = TabBarSwitcher.swift; sourceTree = "<group>"; };
/* End PBXFileReference section */

/* Begin PBXFrameworksBuildPhase section */
		E2994D161D675877004A598A /* Frameworks */ = {
			isa = PBXFrameworksBuildPhase;
			buildActionMask = 2147483647;
			files = (
			);
			runOnlyForDeploymentPostprocessing = 0;
		};
		E2994D2C1D675877004A598A /* Frameworks */ = {
			isa = PBXFrameworksBuildPhase;
			buildActionMask = 2147483647;
			files = (
			);
			runOnlyForDeploymentPostprocessing = 0;
		};
		E2994D371D675877004A598A /* Frameworks */ = {
			isa = PBXFrameworksBuildPhase;
			buildActionMask = 2147483647;
			files = (
			);
			runOnlyForDeploymentPostprocessing = 0;
		};
/* End PBXFrameworksBuildPhase section */

/* Begin PBXGroup section */
		E2994D101D675877004A598A = {
			isa = PBXGroup;
			children = (
				E2994D1B1D675877004A598A /* TabBarSwipe */,
				E2994D321D675877004A598A /* TabBarSwipeTests */,
				E2994D3D1D675877004A598A /* TabBarSwipeUITests */,
				E2994D1A1D675877004A598A /* Products */,
			);
			sourceTree = "<group>";
		};
		E2994D1A1D675877004A598A /* Products */ = {
			isa = PBXGroup;
			children = (
				E2994D191D675877004A598A /* TabBarSwipe.app */,
				E2994D2F1D675877004A598A /* TabBarSwipeTests.xctest */,
				E2994D3A1D675877004A598A /* TabBarSwipeUITests.xctest */,
			);
			name = Products;
			sourceTree = "<group>";
		};
		E2994D1B1D675877004A598A /* TabBarSwipe */ = {
			isa = PBXGroup;
			children = (
				E2994D1C1D675877004A598A /* AppDelegate.swift */,
				E2994D1E1D675877004A598A /* FirstViewController.swift */,
				E2994D201D675877004A598A /* SecondViewController.swift */,
				E2994D221D675877004A598A /* Main.storyboard */,
				E2994D251D675877004A598A /* Assets.xcassets */,
				E2994D271D675877004A598A /* LaunchScreen.storyboard */,
				E2994D2A1D675877004A598A /* Info.plist */,
				E2FE43FD1D69CD3D00843D12 /* TabBarSwitcher.swift */,
			);
			path = TabBarSwipe;
			sourceTree = "<group>";
		};
		E2994D321D675877004A598A /* TabBarSwipeTests */ = {
			isa = PBXGroup;
			children = (
				E2994D331D675877004A598A /* TabBarSwipeTests.swift */,
				E2994D351D675877004A598A /* Info.plist */,
			);
			path = TabBarSwipeTests;
			sourceTree = "<group>";
		};
		E2994D3D1D675877004A598A /* TabBarSwipeUITests */ = {
			isa = PBXGroup;
			children = (
				E2994D3E1D675877004A598A /* TabBarSwipeUITests.swift */,
				E2994D401D675877004A598A /* Info.plist */,
			);
			path = TabBarSwipeUITests;
			sourceTree = "<group>";
		};
/* End PBXGroup section */

/* Begin PBXNativeTarget section */
		E2994D181D675877004A598A /* TabBarSwipe */ = {
			isa = PBXNativeTarget;
			buildConfigurationList = E2994D431D675877004A598A /* Build configuration list for PBXNativeTarget "TabBarSwipe" */;
			buildPhases = (
				E2994D151D675877004A598A /* Sources */,
				E2994D161D675877004A598A /* Frameworks */,
				E2994D171D675877004A598A /* Resources */,
			);
			buildRules = (
			);
			dependencies = (
			);
			name = TabBarSwipe;
			productName = TabBarSwipe;
			productReference = E2994D191D675877004A598A /* TabBarSwipe.app */;
			productType = "com.apple.product-type.application";
		};
		E2994D2E1D675877004A598A /* TabBarSwipeTests */ = {
			isa = PBXNativeTarget;
			buildConfigurationList = E2994D461D675877004A598A /* Build configuration list for PBXNativeTarget "TabBarSwipeTests" */;
			buildPhases = (
				E2994D2B1D675877004A598A /* Sources */,
				E2994D2C1D675877004A598A /* Frameworks */,
				E2994D2D1D675877004A598A /* Resources */,
			);
			buildRules = (
			);
			dependencies = (
				E2994D311D675877004A598A /* PBXTargetDependency */,
			);
			name = TabBarSwipeTests;
			productName = TabBarSwipeTests;
			productReference = E2994D2F1D675877004A598A /* TabBarSwipeTests.xctest */;
			productType = "com.apple.product-type.bundle.unit-test";
		};
		E2994D391D675877004A598A /* TabBarSwipeUITests */ = {
			isa = PBXNativeTarget;
			buildConfigurationList = E2994D491D675877004A598A /* Build configuration list for PBXNativeTarget "TabBarSwipeUITests" */;
			buildPhases = (
				E2994D361D675877004A598A /* Sources */,
				E2994D371D675877004A598A /* Frameworks */,
				E2994D381D675877004A598A /* Resources */,
			);
			buildRules = (
			);
			dependencies = (
				E2994D3C1D675877004A598A /* PBXTargetDependency */,
			);
			name = TabBarSwipeUITests;
			productName = TabBarSwipeUITests;
			productReference = E2994D3A1D675877004A598A /* TabBarSwipeUITests.xctest */;
			productType = "com.apple.product-type.bundle.ui-testing";
		};
/* End PBXNativeTarget section */

/* Begin PBXProject section */
		E2994D111D675877004A598A /* Project object */ = {
			isa = PBXProject;
			attributes = {
				LastSwiftUpdateCheck = 0730;
				LastUpgradeCheck = 0730;
				ORGANIZATIONNAME = conradomateu;
				TargetAttributes = {
					E2994D181D675877004A598A = {
						CreatedOnToolsVersion = 7.3;
						DevelopmentTeam = P8T6WXDA9T;
					};
					E2994D2E1D675877004A598A = {
						CreatedOnToolsVersion = 7.3;
						DevelopmentTeam = P8T6WXDA9T;
						TestTargetID = E2994D181D675877004A598A;
					};
					E2994D391D675877004A598A = {
						CreatedOnToolsVersion = 7.3;
						DevelopmentTeam = P8T6WXDA9T;
						TestTargetID = E2994D181D675877004A598A;
					};
				};
			};
			buildConfigurationList = E2994D141D675877004A598A /* Build configuration list for PBXProject "TabBarSwipe" */;
			compatibilityVersion = "Xcode 3.2";
			developmentRegion = English;
			hasScannedForEncodings = 0;
			knownRegions = (
				en,
				Base,
			);
			mainGroup = E2994D101D675877004A598A;
			productRefGroup = E2994D1A1D675877004A598A /* Products */;
			projectDirPath = "";
			projectRoot = "";
			targets = (
				E2994D181D675877004A598A /* TabBarSwipe */,
				E2994D2E1D675877004A598A /* TabBarSwipeTests */,
				E2994D391D675877004A598A /* TabBarSwipeUITests */,
			);
		};
/* End PBXProject section */

/* Begin PBXResourcesBuildPhase section */
		E2994D171D675877004A598A /* Resources */ = {
			isa = PBXResourcesBuildPhase;
			buildActionMask = 2147483647;
			files = (
				E2994D291D675877004A598A /* LaunchScreen.storyboard in Resources */,
				E2994D261D675877004A598A /* Assets.xcassets in Resources */,
				E2994D241D675877004A598A /* Main.storyboard in Resources */,
			);
			runOnlyForDeploymentPostprocessing = 0;
		};
		E2994D2D1D675877004A598A /* Resources */ = {
			isa = PBXResourcesBuildPhase;
			buildActionMask = 2147483647;
			files = (
			);
			runOnlyForDeploymentPostprocessing = 0;
		};
		E2994D381D675877004A598A /* Resources */ = {
			isa = PBXResourcesBuildPhase;
			buildActionMask = 2147483647;
			files = (
			);
			runOnlyForDeploymentPostprocessing = 0;
		};
/* End PBXResourcesBuildPhase section */

/* Begin PBXSourcesBuildPhase section */
		E2994D151D675877004A598A /* Sources */ = {
			isa = PBXSourcesBuildPhase;
			buildActionMask = 2147483647;
			files = (
				E2994D211D675877004A598A /* SecondViewController.swift in Sources */,
				E2FE43FE1D69CD3D00843D12 /* TabBarSwitcher.swift in Sources */,
				E2994D1D1D675877004A598A /* AppDelegate.swift in Sources */,
				E2994D1F1D675877004A598A /* FirstViewController.swift in Sources */,
			);
			runOnlyForDeploymentPostprocessing = 0;
		};
		E2994D2B1D675877004A598A /* Sources */ = {
			isa = PBXSourcesBuildPhase;
			buildActionMask = 2147483647;
			files = (
				E2994D341D675877004A598A /* TabBarSwipeTests.swift in Sources */,
			);
			runOnlyForDeploymentPostprocessing = 0;
		};
		E2994D361D675877004A598A /* Sources */ = {
			isa = PBXSourcesBuildPhase;
			buildActionMask = 2147483647;
			files = (
				E2994D3F1D675877004A598A /* TabBarSwipeUITests.swift in Sources */,
			);
			runOnlyForDeploymentPostprocessing = 0;
		};
/* End PBXSourcesBuildPhase section */

/* Begin PBXTargetDependency section */
		E2994D311D675877004A598A /* PBXTargetDependency */ = {
			isa = PBXTargetDependency;
			target = E2994D181D675877004A598A /* TabBarSwipe */;
			targetProxy = E2994D301D675877004A598A /* PBXContainerItemProxy */;
		};
		E2994D3C1D675877004A598A /* PBXTargetDependency */ = {
			isa = PBXTargetDependency;
			target = E2994D181D675877004A598A /* TabBarSwipe */;
			targetProxy = E2994D3B1D675877004A598A /* PBXContainerItemProxy */;
		};
/* End PBXTargetDependency section */

/* Begin PBXVariantGroup section */
		E2994D221D675877004A598A /* Main.storyboard */ = {
			isa = PBXVariantGroup;
			children = (
				E2994D231D675877004A598A /* Base */,
			);
			name = Main.storyboard;
			sourceTree = "<group>";
		};
		E2994D271D675877004A598A /* LaunchScreen.storyboard */ = {
			isa = PBXVariantGroup;
			children = (
				E2994D281D675877004A598A /* Base */,
			);
			name = LaunchScreen.storyboard;
			sourceTree = "<group>";
		};
/* End PBXVariantGroup section */

/* Begin XCBuildConfiguration section */
		E2994D411D675877004A598A /* Debug */ = {
			isa = XCBuildConfiguration;
			buildSettings = {
				ALWAYS_SEARCH_USER_PATHS = NO;
				CLANG_ANALYZER_NONNULL = YES;
				CLANG_CXX_LANGUAGE_STANDARD = "gnu++0x";
				CLANG_CXX_LIBRARY = "libc++";
				CLANG_ENABLE_MODULES = YES;
				CLANG_ENABLE_OBJC_ARC = YES;
				CLANG_WARN_BOOL_CONVERSION = YES;
				CLANG_WARN_CONSTANT_CONVERSION = YES;
				CLANG_WARN_DIRECT_OBJC_ISA_USAGE = YES_ERROR;
				CLANG_WARN_EMPTY_BODY = YES;
				CLANG_WARN_ENUM_CONVERSION = YES;
				CLANG_WARN_INT_CONVERSION = YES;
				CLANG_WARN_OBJC_ROOT_CLASS = YES_ERROR;
				CLANG_WARN_UNREACHABLE_CODE = YES;
				CLANG_WARN__DUPLICATE_METHOD_MATCH = YES;
				"CODE_SIGN_IDENTITY[sdk=iphoneos*]" = "iPhone Developer";
				COPY_PHASE_STRIP = NO;
				DEBUG_INFORMATION_FORMAT = dwarf;
				ENABLE_STRICT_OBJC_MSGSEND = YES;
				ENABLE_TESTABILITY = YES;
				GCC_C_LANGUAGE_STANDARD = gnu99;
				GCC_DYNAMIC_NO_PIC = NO;
				GCC_NO_COMMON_BLOCKS = YES;
				GCC_OPTIMIZATION_LEVEL = 0;
				GCC_PREPROCESSOR_DEFINITIONS = (
					"DEBUG=1",
					"$(inherited)",
				);
				GCC_WARN_64_TO_32_BIT_CONVERSION = YES;
				GCC_WARN_ABOUT_RETURN_TYPE = YES_ERROR;
				GCC_WARN_UNDECLARED_SELECTOR = YES;
				GCC_WARN_UNINITIALIZED_AUTOS = YES_AGGRESSIVE;
				GCC_WARN_UNUSED_FUNCTION = YES;
				GCC_WARN_UNUSED_VARIABLE = YES;
				IPHONEOS_DEPLOYMENT_TARGET = 9.3;
				MTL_ENABLE_DEBUG_INFO = YES;
				ONLY_ACTIVE_ARCH = YES;
				SDKROOT = iphoneos;
				SWIFT_OPTIMIZATION_LEVEL = "-Onone";
			};
			name = Debug;
		};
		E2994D421D675877004A598A /* Release */ = {
			isa = XCBuildConfiguration;
			buildSettings = {
				ALWAYS_SEARCH_USER_PATHS = NO;
				CLANG_ANALYZER_NONNULL = YES;
				CLANG_CXX_LANGUAGE_STANDARD = "gnu++0x";
				CLANG_CXX_LIBRARY = "libc++";
				CLANG_ENABLE_MODULES = YES;
				CLANG_ENABLE_OBJC_ARC = YES;
				CLANG_WARN_BOOL_CONVERSION = YES;
				CLANG_WARN_CONSTANT_CONVERSION = YES;
				CLANG_WARN_DIRECT_OBJC_ISA_USAGE = YES_ERROR;
				CLANG_WARN_EMPTY_BODY = YES;
				CLANG_WARN_ENUM_CONVERSION = YES;
				CLANG_WARN_INT_CONVERSION = YES;
				CLANG_WARN_OBJC_ROOT_CLASS = YES_ERROR;
				CLANG_WARN_UNREACHABLE_CODE = YES;
				CLANG_WARN__DUPLICATE_METHOD_MATCH = YES;
				"CODE_SIGN_IDENTITY[sdk=iphoneos*]" = "iPhone Developer";
				COPY_PHASE_STRIP = NO;
				DEBUG_INFORMATION_FORMAT = "dwarf-with-dsym";
				ENABLE_NS_ASSERTIONS = NO;
				ENABLE_STRICT_OBJC_MSGSEND = YES;
				GCC_C_LANGUAGE_STANDARD = gnu99;
				GCC_NO_COMMON_BLOCKS = YES;
				GCC_WARN_64_TO_32_BIT_CONVERSION = YES;
				GCC_WARN_ABOUT_RETURN_TYPE = YES_ERROR;
				GCC_WARN_UNDECLARED_SELECTOR = YES;
				GCC_WARN_UNINITIALIZED_AUTOS = YES_AGGRESSIVE;
				GCC_WARN_UNUSED_FUNCTION = YES;
				GCC_WARN_UNUSED_VARIABLE = YES;
				IPHONEOS_DEPLOYMENT_TARGET = 9.3;
				MTL_ENABLE_DEBUG_INFO = NO;
				SDKROOT = iphoneos;
				VALIDATE_PRODUCT = YES;
			};
			name = Release;
		};
		E2994D441D675877004A598A /* Debug */ = {
			isa = XCBuildConfiguration;
			buildSettings = {
				ASSETCATALOG_COMPILER_APPICON_NAME = AppIcon;
				INFOPLIST_FILE = TabBarSwipe/Info.plist;
				LD_RUNPATH_SEARCH_PATHS = "$(inherited) @executable_path/Frameworks";
				PRODUCT_BUNDLE_IDENTIFIER = com.conradomateu.TabBarSwipe;
				PRODUCT_NAME = "$(TARGET_NAME)";
			};
			name = Debug;
		};
		E2994D451D675877004A598A /* Release */ = {
			isa = XCBuildConfiguration;
			buildSettings = {
				ASSETCATALOG_COMPILER_APPICON_NAME = AppIcon;
				INFOPLIST_FILE = TabBarSwipe/Info.plist;
				LD_RUNPATH_SEARCH_PATHS = "$(inherited) @executable_path/Frameworks";
				PRODUCT_BUNDLE_IDENTIFIER = com.conradomateu.TabBarSwipe;
				PRODUCT_NAME = "$(TARGET_NAME)";
			};
			name = Release;
		};
		E2994D471D675877004A598A /* Debug */ = {
			isa = XCBuildConfiguration;
			buildSettings = {
				BUNDLE_LOADER = "$(TEST_HOST)";
				INFOPLIST_FILE = TabBarSwipeTests/Info.plist;
				LD_RUNPATH_SEARCH_PATHS = "$(inherited) @executable_path/Frameworks @loader_path/Frameworks";
				PRODUCT_BUNDLE_IDENTIFIER = com.conradomateu.TabBarSwipeTests;
				PRODUCT_NAME = "$(TARGET_NAME)";
				TEST_HOST = "$(BUILT_PRODUCTS_DIR)/TabBarSwipe.app/TabBarSwipe";
			};
			name = Debug;
		};
		E2994D481D675877004A598A /* Release */ = {
			isa = XCBuildConfiguration;
			buildSettings = {
				BUNDLE_LOADER = "$(TEST_HOST)";
				INFOPLIST_FILE = TabBarSwipeTests/Info.plist;
				LD_RUNPATH_SEARCH_PATHS = "$(inherited) @executable_path/Frameworks @loader_path/Frameworks";
				PRODUCT_BUNDLE_IDENTIFIER = com.conradomateu.TabBarSwipeTests;
				PRODUCT_NAME = "$(TARGET_NAME)";
				TEST_HOST = "$(BUILT_PRODUCTS_DIR)/TabBarSwipe.app/TabBarSwipe";
			};
			name = Release;
		};
		E2994D4A1D675877004A598A /* Debug */ = {
			isa = XCBuildConfiguration;
			buildSettings = {
				INFOPLIST_FILE = TabBarSwipeUITests/Info.plist;
				LD_RUNPATH_SEARCH_PATHS = "$(inherited) @executable_path/Frameworks @loader_path/Frameworks";
				PRODUCT_BUNDLE_IDENTIFIER = com.conradomateu.TabBarSwipeUITests;
				PRODUCT_NAME = "$(TARGET_NAME)";
				TEST_TARGET_NAME = TabBarSwipe;
			};
			name = Debug;
		};
		E2994D4B1D675877004A598A /* Release */ = {
			isa = XCBuildConfiguration;
			buildSettings = {
				INFOPLIST_FILE = TabBarSwipeUITests/Info.plist;
				LD_RUNPATH_SEARCH_PATHS = "$(inherited) @executable_path/Frameworks @loader_path/Frameworks";
				PRODUCT_BUNDLE_IDENTIFIER = com.conradomateu.TabBarSwipeUITests;
				PRODUCT_NAME = "$(TARGET_NAME)";
				TEST_TARGET_NAME = TabBarSwipe;
			};
			name = Release;
		};
/* End XCBuildConfiguration section */

/* Begin XCConfigurationList section */
		E2994D141D675877004A598A /* Build configuration list for PBXProject "TabBarSwipe" */ = {
			isa = XCConfigurationList;
			buildConfigurations = (
				E2994D411D675877004A598A /* Debug */,
				E2994D421D675877004A598A /* Release */,
			);
			defaultConfigurationIsVisible = 0;
			defaultConfigurationName = Release;
		};
		E2994D431D675877004A598A /* Build configuration list for PBXNativeTarget "TabBarSwipe" */ = {
			isa = XCConfigurationList;
			buildConfigurations = (
				E2994D441D675877004A598A /* Debug */,
				E2994D451D675877004A598A /* Release */,
			);
			defaultConfigurationIsVisible = 0;
			defaultConfigurationName = Release;
		};
		E2994D461D675877004A598A /* Build configuration list for PBXNativeTarget "TabBarSwipeTests" */ = {
			isa = XCConfigurationList;
			buildConfigurations = (
				E2994D471D675877004A598A /* Debug */,
				E2994D481D675877004A598A /* Release */,
			);
			defaultConfigurationIsVisible = 0;
			defaultConfigurationName = Release;
		};
		E2994D491D675877004A598A /* Build configuration list for PBXNativeTarget "TabBarSwipeUITests" */ = {
			isa = XCConfigurationList;
			buildConfigurations = (
				E2994D4A1D675877004A598A /* Debug */,
				E2994D4B1D675877004A598A /* Release */,
			);
			defaultConfigurationIsVisible = 0;
			defaultConfigurationName = Release;
		};
/* End XCConfigurationList section */
	};
	rootObject = E2994D111D675877004A598A /* Project object */;
}
